
Microsoft Visual Studio Solution File, Format Version 12.00
# Visual Studio Version 17
VisualStudioVersion = 17.2.32630.192
MinimumVisualStudioVersion = 10.0.40219.1
Project("{FAE04EC0-301F-11D3-BF4B-00C04F79EFBC}") = "store-management-api", "store-management-api\store-management-api.csproj", "{3FBEA29B-548D-40F3-852A-D90A18389577}"
EndProject
Global
	GlobalSection(SolutionConfigurationPlatforms) = preSolution
		Debug|Any CPU = Debug|Any CPU
		Release|Any CPU = Release|Any CPU
	EndGlobalSection
	GlobalSection(ProjectConfigurationPlatforms) = postSolution
		{3FBEA29B-548D-40F3-852A-D90A18389577}.Debug|Any CPU.ActiveCfg = Debug|Any CPU
		{3FBEA29B-548D-40F3-852A-D90A18389577}.Debug|Any CPU.Build.0 = Debug|Any CPU
		{3FBEA29B-548D-40F3-852A-D90A18389577}.Release|Any CPU.ActiveCfg = Release|Any CPU
		{3FBEA29B-548D-40F3-852A-D90A18389577}.Release|Any CPU.Build.0 = Release|Any CPU
	EndGlobalSection
	GlobalSection(SolutionProperties) = preSolution
		HideSolutionNode = FALSE
	EndGlobalSection
	GlobalSection(ExtensibilityGlobals) = postSolution
		SolutionGuid = {A28C663B-C882-4378-8247-1D4ED6E92435}
	EndGlobalSection
EndGlobal
